
Microsoft Visual Studio Solution File, Format Version 12.00
# Visual Studio Version 16
VisualStudioVersion = 16.0.29519.87
MinimumVisualStudioVersion = 10.0.40219.1
Project("{FAE04EC0-301F-11D3-BF4B-00C04F79EFBC}") = "DependencyLoader", "DependencyLoader\DependencyLoader.csproj", "{3779DF8A-B7F2-418B-B3A0-0901E409D5CD}"
EndProject
Global
	GlobalSection(SolutionConfigurationPlatforms) = preSolution
		Debug|Any CPU = Debug|Any CPU
		Release|Any CPU = Release|Any CPU
	EndGlobalSection
	GlobalSection(ProjectConfigurationPlatforms) = postSolution
		{3779DF8A-B7F2-418B-B3A0-0901E409D5CD}.Debug|Any CPU.ActiveCfg = Debug|Any CPU
		{3779DF8A-B7F2-418B-B3A0-0901E409D5CD}.Debug|Any CPU.Build.0 = Debug|Any CPU
		{3779DF8A-B7F2-418B-B3A0-0901E409D5CD}.Release|Any CPU.ActiveCfg = Release|Any CPU
		{3779DF8A-B7F2-418B-B3A0-0901E409D5CD}.Release|Any CPU.Build.0 = Release|Any CPU
	EndGlobalSection
	GlobalSection(SolutionProperties) = preSolution
		HideSolutionNode = FALSE
	EndGlobalSection
	GlobalSection(ExtensibilityGlobals) = postSolution
		SolutionGuid = {F781189F-EDB6-410A-8DC0-8652C86596BC}
	EndGlobalSection
EndGlobal
